
Microsoft Visual Studio Solution File, Format Version 12.00
# Visual Studio Version 17
VisualStudioVersion = 17.3.32901.215
MinimumVisualStudioVersion = 10.0.40219.1
Project("{FAE04EC0-301F-11D3-BF4B-00C04F79EFBC}") = "COMP2084-W23-A-Lesson1", "COMP2084-W23-A-Lesson1\COMP2084-W23-A-Lesson1.csproj", "{4A946610-6686-4525-89B7-96BD0AC92D2D}"
EndProject
Global
	GlobalSection(SolutionConfigurationPlatforms) = preSolution
		Debug|Any CPU = Debug|Any CPU
		Release|Any CPU = Release|Any CPU
	EndGlobalSection
	GlobalSection(ProjectConfigurationPlatforms) = postSolution
		{4A946610-6686-4525-89B7-96BD0AC92D2D}.Debug|Any CPU.ActiveCfg = Debug|Any CPU
		{4A946610-6686-4525-89B7-96BD0AC92D2D}.Debug|Any CPU.Build.0 = Debug|Any CPU
		{4A946610-6686-4525-89B7-96BD0AC92D2D}.Release|Any CPU.ActiveCfg = Release|Any CPU
		{4A946610-6686-4525-89B7-96BD0AC92D2D}.Release|Any CPU.Build.0 = Release|Any CPU
	EndGlobalSection
	GlobalSection(SolutionProperties) = preSolution
		HideSolutionNode = FALSE
	EndGlobalSection
	GlobalSection(ExtensibilityGlobals) = postSolution
		SolutionGuid = {C7E15813-5DDD-45F9-89E1-ED6915C0B381}
	EndGlobalSection
EndGlobal
